
Microsoft Visual Studio Solution File, Format Version 12.00
# Visual Studio Version 16
VisualStudioVersion = 16.0.29324.140
MinimumVisualStudioVersion = 10.0.40219.1
Project("{8BC9CEB8-8B4A-11D0-8D11-00A0C91BC942}") = "HelloWorld", "HelloWorld.vcxproj", "{635382D8-5E1F-46B9-8F1A-927DF21AB99D}"
EndProject
Global
	GlobalSection(SolutionConfigurationPlatforms) = preSolution
		Debug|x64 = Debug|x64
		Debug|x86 = Debug|x86
		Release|x64 = Release|x64
		Release|x86 = Release|x86
	EndGlobalSection
	GlobalSection(ProjectConfigurationPlatforms) = postSolution
		{635382D8-5E1F-46B9-8F1A-927DF21AB99D}.Debug|x64.ActiveCfg = Debug|x64
		{635382D8-5E1F-46B9-8F1A-927DF21AB99D}.Debug|x64.Build.0 = Debug|x64
		{635382D8-5E1F-46B9-8F1A-927DF21AB99D}.Debug|x86.ActiveCfg = Debug|Win32
		{635382D8-5E1F-46B9-8F1A-927DF21AB99D}.Debug|x86.Build.0 = Debug|Win32
		{635382D8-5E1F-46B9-8F1A-927DF21AB99D}.Release|x64.ActiveCfg = Release|x64
		{635382D8-5E1F-46B9-8F1A-927DF21AB99D}.Release|x64.Build.0 = Release|x64
		{635382D8-5E1F-46B9-8F1A-927DF21AB99D}.Release|x86.ActiveCfg = Release|Win32
		{635382D8-5E1F-46B9-8F1A-927DF21AB99D}.Release|x86.Build.0 = Release|Win32
	EndGlobalSection
	GlobalSection(SolutionProperties) = preSolution
		HideSolutionNode = FALSE
	EndGlobalSection
	GlobalSection(ExtensibilityGlobals) = postSolution
		SolutionGuid = {9705A00F-3F18-458B-9E0A-DB5C361C0E5E}
	EndGlobalSection
EndGlobal
